
Microsoft Visual Studio Solution File, Format Version 12.00
# Visual Studio Version 17
VisualStudioVersion = 17.10.35013.160
MinimumVisualStudioVersion = 10.0.40219.1
Project("{FAE04EC0-301F-11D3-BF4B-00C04F79EFBC}") = "_9000", "_9000.csproj", "{8302FCFA-99A1-4BE1-997A-CD50B19DCD12}"
EndProject
Global
	GlobalSection(SolutionConfigurationPlatforms) = preSolution
		Debug|Any CPU = Debug|Any CPU
		Release|Any CPU = Release|Any CPU
	EndGlobalSection
	GlobalSection(ProjectConfigurationPlatforms) = postSolution
		{8302FCFA-99A1-4BE1-997A-CD50B19DCD12}.Debug|Any CPU.ActiveCfg = Debug|Any CPU
		{8302FCFA-99A1-4BE1-997A-CD50B19DCD12}.Debug|Any CPU.Build.0 = Debug|Any CPU
		{8302FCFA-99A1-4BE1-997A-CD50B19DCD12}.Release|Any CPU.ActiveCfg = Release|Any CPU
		{8302FCFA-99A1-4BE1-997A-CD50B19DCD12}.Release|Any CPU.Build.0 = Release|Any CPU
	EndGlobalSection
	GlobalSection(SolutionProperties) = preSolution
		HideSolutionNode = FALSE
	EndGlobalSection
	GlobalSection(ExtensibilityGlobals) = postSolution
		SolutionGuid = {BCE6C847-ED0B-425B-A0A0-87AA927A16C4}
	EndGlobalSection
EndGlobal
